{
  "nodes": {
    "cache-nix-action": {
      "flake": false,
      "locked": {
        "lastModified": 1768746045,
        "narHash": "sha256-LP0GiywKQtYnQGI+RLAyTSa7O5JC10KdoZhw2RR2VvE=",
        "owner": "nix-community",
        "repo": "cache-nix-action",
        "rev": "3906749902b3a1fffe3610b90c0a6a17b9fec781",
        "type": "github"
      },
      "original": {
        "owner": "nix-community",
        "repo": "cache-nix-action",
        "type": "github"
      }
    },
    "devshell": {
      "inputs": {
        "nixpkgs": [
          "nixpkgs"
        ]
      },
      "locked": {
        "lastModified": 1766161567,
        "narHash": "sha256-Zr6e74wdSrodxEjCUtYcIvMTLUKNADKLykAvZK7u3dQ=",
        "owner": "deemp",
        "repo": "devshell",
        "rev": "c2b908c6cbddd6db32ad0c43656a21e2c155de04",
        "type": "github"
      },
      "original": {
        "owner": "deemp",
        "repo": "devshell",
        "type": "github"
      }
    },
    "flake-parts": {
      "inputs": {
        "nixpkgs-lib": "nixpkgs-lib"
      },
      "locked": {
        "lastModified": 1768135262,
        "narHash": "sha256-PVvu7OqHBGWN16zSi6tEmPwwHQ4rLPU9Plvs8/1TUBY=",
        "owner": "hercules-ci",
        "repo": "flake-parts",
        "rev": "80daad04eddbbf5a4d883996a73f3f542fa437ac",
        "type": "github"
      },
      "original": {
        "owner": "hercules-ci",
        "repo": "flake-parts",
        "type": "github"
      }
    },
    "haskell-flake": {
      "locked": {
        "lastModified": 1768251795,
        "narHash": "sha256-xxQBxQfgGDvPkzOMvHx3yNLgTuOS0TDwuwqw/cNk1d8=",
        "owner": "srid",
        "repo": "haskell-flake",
        "rev": "28a0a79abeff13d80cdecc58f09f0955ca50fe88",
        "type": "github"
      },
      "original": {
        "owner": "srid",
        "repo": "haskell-flake",
        "type": "github"
      }
    },
    "lima": {
      "flake": false,
      "locked": {
        "lastModified": 1768754690,
        "narHash": "sha256-tbn2AV4P539owNx2HtPoD5BDTZNeYXvL1OSXDPlgc5k=",
        "owner": "deemp",
        "repo": "lima",
        "rev": "3eb85c7099ffc46897181b7132666842c8aec8bf",
        "type": "github"
      },
      "original": {
        "owner": "deemp",
        "repo": "lima",
        "type": "github"
      }
    },
    "nixpkgs": {
      "locked": {
        "lastModified": 1768661221,
        "narHash": "sha256-MJwOjrIISfOpdI9x4C+5WFQXvHtOuj5mqLZ4TMEtk1M=",
        "owner": "nixos",
        "repo": "nixpkgs",
        "rev": "3327b113f2ef698d380df83fbccefad7e83d7769",
        "type": "github"
      },
      "original": {
        "owner": "nixos",
        "ref": "nixpkgs-unstable",
        "repo": "nixpkgs",
        "type": "github"
      }
    },
    "nixpkgs-lib": {
      "locked": {
        "lastModified": 1765674936,
        "narHash": "sha256-k00uTP4JNfmejrCLJOwdObYC9jHRrr/5M/a/8L2EIdo=",
        "owner": "nix-community",
        "repo": "nixpkgs.lib",
        "rev": "2075416fcb47225d9b68ac469a5c4801a9c4dd85",
        "type": "github"
      },
      "original": {
        "owner": "nix-community",
        "repo": "nixpkgs.lib",
        "type": "github"
      }
    },
    "root": {
      "inputs": {
        "cache-nix-action": "cache-nix-action",
        "devshell": "devshell",
        "flake-parts": "flake-parts",
        "haskell-flake": "haskell-flake",
        "lima": "lima",
        "nixpkgs": "nixpkgs",
        "systems": "systems",
        "treefmt-nix": "treefmt-nix"
      }
    },
    "systems": {
      "locked": {
        "lastModified": 1681028828,
        "narHash": "sha256-Vy1rq5AaRuLzOxct8nz4T6wlgyUR7zLU309k9mBC768=",
        "owner": "nix-systems",
        "repo": "default",
        "rev": "da67096a3b9bf56a91d16901293e51ba5b49a27e",
        "type": "github"
      },
      "original": {
        "owner": "nix-systems",
        "repo": "default",
        "type": "github"
      }
    },
    "treefmt-nix": {
      "inputs": {
        "nixpkgs": [
          "nixpkgs"
        ]
      },
      "locked": {
        "lastModified": 1768158989,
        "narHash": "sha256-67vyT1+xClLldnumAzCTBvU0jLZ1YBcf4vANRWP3+Ak=",
        "owner": "numtide",
        "repo": "treefmt-nix",
        "rev": "e96d59dff5c0d7fddb9d113ba108f03c3ef99eca",
        "type": "github"
      },
      "original": {
        "owner": "numtide",
        "repo": "treefmt-nix",
        "type": "github"
      }
    }
  },
  "root": "root",
  "version": 7
}
